
Microsoft Visual Studio Solution File, Format Version 12.00
# Visual Studio Version 16
VisualStudioVersion = 16.0.30002.166
MinimumVisualStudioVersion = 10.0.40219.1
Project("{9A19103F-16F7-4668-BE54-9A1E7A4F7556}") = "NeuralNetwork", "NeuralNerwork\NeuralNetwork.csproj", "{AB6C0215-99FF-4E02-AC0E-DEF0795CED99}"
EndProject
Global
	GlobalSection(SolutionConfigurationPlatforms) = preSolution
		Debug|Any CPU = Debug|Any CPU
		Release|Any CPU = Release|Any CPU
	EndGlobalSection
	GlobalSection(ProjectConfigurationPlatforms) = postSolution
		{AB6C0215-99FF-4E02-AC0E-DEF0795CED99}.Debug|Any CPU.ActiveCfg = Debug|Any CPU
		{AB6C0215-99FF-4E02-AC0E-DEF0795CED99}.Debug|Any CPU.Build.0 = Debug|Any CPU
		{AB6C0215-99FF-4E02-AC0E-DEF0795CED99}.Release|Any CPU.ActiveCfg = Release|Any CPU
		{AB6C0215-99FF-4E02-AC0E-DEF0795CED99}.Release|Any CPU.Build.0 = Release|Any CPU
	EndGlobalSection
	GlobalSection(SolutionProperties) = preSolution
		HideSolutionNode = FALSE
	EndGlobalSection
	GlobalSection(ExtensibilityGlobals) = postSolution
		SolutionGuid = {48158005-D807-42D4-8EF2-BA34B93772E2}
	EndGlobalSection
EndGlobal
